
Microsoft Visual Studio Solution File, Format Version 12.00
# Visual Studio Version 17
VisualStudioVersion = 17.0.32014.148
MinimumVisualStudioVersion = 10.0.40219.1
Project("{9A19103F-16F7-4668-BE54-9A1E7A4F7556}") = "Homework1_Git", "Homework1_Git\Homework1_Git.csproj", "{1A5B5E53-961C-484F-B69E-A72642B4E0DB}"
EndProject
Project("{FAE04EC0-301F-11D3-BF4B-00C04F79EFBC}") = "HelloWorld", "HelloWorld\HelloWorld.csproj", "{CA90A0D9-D1DF-4945-85A0-DB93BC936607}"
EndProject
Global
	GlobalSection(SolutionConfigurationPlatforms) = preSolution
		Debug|Any CPU = Debug|Any CPU
		Release|Any CPU = Release|Any CPU
	EndGlobalSection
	GlobalSection(ProjectConfigurationPlatforms) = postSolution
		{1A5B5E53-961C-484F-B69E-A72642B4E0DB}.Debug|Any CPU.ActiveCfg = Debug|Any CPU
		{1A5B5E53-961C-484F-B69E-A72642B4E0DB}.Debug|Any CPU.Build.0 = Debug|Any CPU
		{1A5B5E53-961C-484F-B69E-A72642B4E0DB}.Release|Any CPU.ActiveCfg = Release|Any CPU
		{1A5B5E53-961C-484F-B69E-A72642B4E0DB}.Release|Any CPU.Build.0 = Release|Any CPU
		{CA90A0D9-D1DF-4945-85A0-DB93BC936607}.Debug|Any CPU.ActiveCfg = Debug|Any CPU
		{CA90A0D9-D1DF-4945-85A0-DB93BC936607}.Debug|Any CPU.Build.0 = Debug|Any CPU
		{CA90A0D9-D1DF-4945-85A0-DB93BC936607}.Release|Any CPU.ActiveCfg = Release|Any CPU
		{CA90A0D9-D1DF-4945-85A0-DB93BC936607}.Release|Any CPU.Build.0 = Release|Any CPU
	EndGlobalSection
	GlobalSection(SolutionProperties) = preSolution
		HideSolutionNode = FALSE
	EndGlobalSection
	GlobalSection(ExtensibilityGlobals) = postSolution
		SolutionGuid = {EEB681EA-1FA2-4FEB-B20B-792376A173F6}
	EndGlobalSection
EndGlobal
